{
  "name": "pro-exchange",
  "version": "1.0.0",
  "lockfileVersion": 1,
  "requires": true,
  "dependencies": {
    "vue-i18n": {
      "version": "7.4.2",
      "resolved": "https://registry.npmjs.org/vue-i18n/-/vue-i18n-7.4.2.tgz",
      "integrity": "sha512-RFUM24Qa6PpJMmoV5IEGIv5GaZ7v0EE2rTXco2lanbyC52qLszh+NFgzhfbwCZgpf94+Sih+oHOAh/YMbGvofg=="
    }
  }
}
